
Microsoft Visual Studio Solution File, Format Version 12.00
# Visual Studio Version 17
VisualStudioVersion = 17.12.35527.113 d17.12
MinimumVisualStudioVersion = 10.0.40219.1
Project("{FAE04EC0-301F-11D3-BF4B-00C04F79EFBC}") = "RideSharingApp", "RideSharingApp.csproj", "{46CB8C17-3B19-42C2-8F1C-920B74E85291}"
EndProject
Project("{FAE04EC0-301F-11D3-BF4B-00C04F79EFBC}") = "RideSharingApp.Core", "..\RideSharingApp.Core\RideSharingApp.Core.csproj", "{631CED16-3D06-49DE-8571-047C42B47932}"
EndProject
Global
	GlobalSection(SolutionConfigurationPlatforms) = preSolution
		Debug|Any CPU = Debug|Any CPU
		Release|Any CPU = Release|Any CPU
	EndGlobalSection
	GlobalSection(ProjectConfigurationPlatforms) = postSolution
		{46CB8C17-3B19-42C2-8F1C-920B74E85291}.Debug|Any CPU.ActiveCfg = Debug|Any CPU
		{46CB8C17-3B19-42C2-8F1C-920B74E85291}.Debug|Any CPU.Build.0 = Debug|Any CPU
		{46CB8C17-3B19-42C2-8F1C-920B74E85291}.Release|Any CPU.ActiveCfg = Release|Any CPU
		{46CB8C17-3B19-42C2-8F1C-920B74E85291}.Release|Any CPU.Build.0 = Release|Any CPU
		{631CED16-3D06-49DE-8571-047C42B47932}.Debug|Any CPU.ActiveCfg = Debug|Any CPU
		{631CED16-3D06-49DE-8571-047C42B47932}.Debug|Any CPU.Build.0 = Debug|Any CPU
		{631CED16-3D06-49DE-8571-047C42B47932}.Release|Any CPU.ActiveCfg = Release|Any CPU
		{631CED16-3D06-49DE-8571-047C42B47932}.Release|Any CPU.Build.0 = Release|Any CPU
	EndGlobalSection
	GlobalSection(SolutionProperties) = preSolution
		HideSolutionNode = FALSE
	EndGlobalSection
EndGlobal
